
Microsoft Visual Studio Solution File, Format Version 11.00
# Visual Studio 2010
Project("{FAE04EC0-301F-11D3-BF4B-00C04F79EFBC}") = "Shuffle.Net", "Shuffle.Net\Shuffle.Net.csproj", "{E689BA29-C2CA-4709-9199-D1CA72DE9788}"
EndProject
Project("{FAE04EC0-301F-11D3-BF4B-00C04F79EFBC}") = "Shuffle.Net.Test", "Shuffle.Net.Test\Shuffle.Net.Test.csproj", "{370D176D-877C-4612-BC62-AEF5F934A768}"
EndProject
Project("{2150E333-8FDC-42A3-9474-1A3956D46DE8}") = "Solution Items", "Solution Items", "{7695CDF5-3D33-4594-8B9B-F37732C04391}"
	ProjectSection(SolutionItems) = preProject
		Local.testsettings = Local.testsettings
		Shuffle.Net.vsmdi = Shuffle.Net.vsmdi
		TraceAndTestImpact.testsettings = TraceAndTestImpact.testsettings
	EndProjectSection
EndProject
Global
	GlobalSection(TestCaseManagementSettings) = postSolution
		CategoryFile = Shuffle.Net.vsmdi
	EndGlobalSection
	GlobalSection(SolutionConfigurationPlatforms) = preSolution
		Debug|Any CPU = Debug|Any CPU
		Release|Any CPU = Release|Any CPU
	EndGlobalSection
	GlobalSection(ProjectConfigurationPlatforms) = postSolution
		{E689BA29-C2CA-4709-9199-D1CA72DE9788}.Debug|Any CPU.ActiveCfg = Debug|Any CPU
		{E689BA29-C2CA-4709-9199-D1CA72DE9788}.Debug|Any CPU.Build.0 = Debug|Any CPU
		{E689BA29-C2CA-4709-9199-D1CA72DE9788}.Release|Any CPU.ActiveCfg = Release|Any CPU
		{E689BA29-C2CA-4709-9199-D1CA72DE9788}.Release|Any CPU.Build.0 = Release|Any CPU
		{370D176D-877C-4612-BC62-AEF5F934A768}.Debug|Any CPU.ActiveCfg = Debug|Any CPU
		{370D176D-877C-4612-BC62-AEF5F934A768}.Debug|Any CPU.Build.0 = Debug|Any CPU
		{370D176D-877C-4612-BC62-AEF5F934A768}.Release|Any CPU.ActiveCfg = Release|Any CPU
		{370D176D-877C-4612-BC62-AEF5F934A768}.Release|Any CPU.Build.0 = Release|Any CPU
	EndGlobalSection
	GlobalSection(SolutionProperties) = preSolution
		HideSolutionNode = FALSE
	EndGlobalSection
EndGlobal
